// !$*UTF8*$!
{
	archiveVersion = 1;
	classes = {
	};
	objectVersion = 46;
	objects = {

/* Begin PBXBuildFile section */
		F2B4BAA41D643E1F0075CD16 /* main.m in Sources */ = {isa = PBXBuildFile; fileRef = F2B4BAA31D643E1F0075CD16 /* main.m */; };
		F2B4BAA71D643E1F0075CD16 /* AppDelegate.m in Sources */ = {isa = PBXBuildFile; fileRef = F2B4BAA61D643E1F0075CD16 /* AppDelegate.m */; };
		F2B4BAAA1D643E1F0075CD16 /* ViewController.m in Sources */ = {isa = PBXBuildFile; fileRef = F2B4BAA91D643E1F0075CD16 /* ViewController.m */; };
		F2B4BAAD1D643E200075CD16 /* Main.storyboard in Resources */ = {isa = PBXBuildFile; fileRef = F2B4BAAB1D643E200075CD16 /* Main.storyboard */; };
		F2B4BAAF1D643E200075CD16 /* Assets.xcassets in Resources */ = {isa = PBXBuildFile; fileRef = F2B4BAAE1D643E200075CD16 /* Assets.xcassets */; };
		F2B4BAB21D643E200075CD16 /* LaunchScreen.storyboard in Resources */ = {isa = PBXBuildFile; fileRef = F2B4BAB01D643E200075CD16 /* LaunchScreen.storyboard */; };
		F2B4BABB1D643E640075CD16 /* HJNavigationViewController.m in Sources */ = {isa = PBXBuildFile; fileRef = F2B4BABA1D643E640075CD16 /* HJNavigationViewController.m */; };
		F2B4BAC11D643EB50075CD16 /* ChangeThemeController.m in Sources */ = {isa = PBXBuildFile; fileRef = F2B4BAC01D643EB50075CD16 /* ChangeThemeController.m */; };
		F2B4BAC51D643EDA0075CD16 /* ThemeManager.m in Sources */ = {isa = PBXBuildFile; fileRef = F2B4BAC41D643EDA0075CD16 /* ThemeManager.m */; };
		F2B4BAC81D64409D0075CD16 /* HJTabViewController.m in Sources */ = {isa = PBXBuildFile; fileRef = F2B4BAC71D64409D0075CD16 /* HJTabViewController.m */; };
		F2B4BAD11D6451350075CD16 /* UIImage+Color.m in Sources */ = {isa = PBXBuildFile; fileRef = F2B4BAD01D6451350075CD16 /* UIImage+Color.m */; };
		F2B4BAD51D64593C0075CD16 /* UIColor+Hex.m in Sources */ = {isa = PBXBuildFile; fileRef = F2B4BAD41D64593C0075CD16 /* UIColor+Hex.m */; };
		F2B4BAD91D6462A90075CD16 /* ThemePath.m in Sources */ = {isa = PBXBuildFile; fileRef = F2B4BAD81D6462A90075CD16 /* ThemePath.m */; };
/* End PBXBuildFile section */

/* Begin PBXFileReference section */
		F2B4BA9F1D643E1F0075CD16 /* TestTheme.app */ = {isa = PBXFileReference; explicitFileType = wrapper.application; includeInIndex = 0; path = TestTheme.app; sourceTree = BUILT_PRODUCTS_DIR; };
		F2B4BAA31D643E1F0075CD16 /* main.m */ = {isa = PBXFileReference; lastKnownFileType = sourcecode.c.objc; path = main.m; sourceTree = "<group>"; };
		F2B4BAA51D643E1F0075CD16 /* AppDelegate.h */ = {isa = PBXFileReference; lastKnownFileType = sourcecode.c.h; path = AppDelegate.h; sourceTree = "<group>"; };
		F2B4BAA61D643E1F0075CD16 /* AppDelegate.m */ = {isa = PBXFileReference; lastKnownFileType = sourcecode.c.objc; path = AppDelegate.m; sourceTree = "<group>"; };
		F2B4BAA81D643E1F0075CD16 /* ViewController.h */ = {isa = PBXFileReference; lastKnownFileType = sourcecode.c.h; path = ViewController.h; sourceTree = "<group>"; };
		F2B4BAA91D643E1F0075CD16 /* ViewController.m */ = {isa = PBXFileReference; lastKnownFileType = sourcecode.c.objc; path = ViewController.m; sourceTree = "<group>"; };
		F2B4BAAC1D643E200075CD16 /* Base */ = {isa = PBXFileReference; lastKnownFileType = file.storyboard; name = Base; path = Base.lproj/Main.storyboard; sourceTree = "<group>"; };
		F2B4BAAE1D643E200075CD16 /* Assets.xcassets */ = {isa = PBXFileReference; lastKnownFileType = folder.assetcatalog; path = Assets.xcassets; sourceTree = "<group>"; };
		F2B4BAB11D643E200075CD16 /* Base */ = {isa = PBXFileReference; lastKnownFileType = file.storyboard; name = Base; path = Base.lproj/LaunchScreen.storyboard; sourceTree = "<group>"; };
		F2B4BAB31D643E200075CD16 /* Info.plist */ = {isa = PBXFileReference; lastKnownFileType = text.plist.xml; path = Info.plist; sourceTree = "<group>"; };
		F2B4BAB91D643E640075CD16 /* HJNavigationViewController.h */ = {isa = PBXFileReference; fileEncoding = 4; lastKnownFileType = sourcecode.c.h; path = HJNavigationViewController.h; sourceTree = "<group>"; };
		F2B4BABA1D643E640075CD16 /* HJNavigationViewController.m */ = {isa = PBXFileReference; fileEncoding = 4; lastKnownFileType = sourcecode.c.objc; path = HJNavigationViewController.m; sourceTree = "<group>"; };
		F2B4BABF1D643EB50075CD16 /* ChangeThemeController.h */ = {isa = PBXFileReference; fileEncoding = 4; lastKnownFileType = sourcecode.c.h; path = ChangeThemeController.h; sourceTree = "<group>"; };
		F2B4BAC01D643EB50075CD16 /* ChangeThemeController.m */ = {isa = PBXFileReference; fileEncoding = 4; lastKnownFileType = sourcecode.c.objc; path = ChangeThemeController.m; sourceTree = "<group>"; };
		F2B4BAC31D643EDA0075CD16 /* ThemeManager.h */ = {isa = PBXFileReference; fileEncoding = 4; lastKnownFileType = sourcecode.c.h; path = ThemeManager.h; sourceTree = "<group>"; };
		F2B4BAC41D643EDA0075CD16 /* ThemeManager.m */ = {isa = PBXFileReference; fileEncoding = 4; lastKnownFileType = sourcecode.c.objc; path = ThemeManager.m; sourceTree = "<group>"; };
		F2B4BAC61D64409D0075CD16 /* HJTabViewController.h */ = {isa = PBXFileReference; fileEncoding = 4; lastKnownFileType = sourcecode.c.h; path = HJTabViewController.h; sourceTree = "<group>"; };
		F2B4BAC71D64409D0075CD16 /* HJTabViewController.m */ = {isa = PBXFileReference; fileEncoding = 4; lastKnownFileType = sourcecode.c.objc; path = HJTabViewController.m; sourceTree = "<group>"; };
		F2B4BACF1D6451350075CD16 /* UIImage+Color.h */ = {isa = PBXFileReference; fileEncoding = 4; lastKnownFileType = sourcecode.c.h; path = "UIImage+Color.h"; sourceTree = "<group>"; };
		F2B4BAD01D6451350075CD16 /* UIImage+Color.m */ = {isa = PBXFileReference; fileEncoding = 4; lastKnownFileType = sourcecode.c.objc; path = "UIImage+Color.m"; sourceTree = "<group>"; };
		F2B4BAD21D6453420075CD16 /* PrefixHeader.pch */ = {isa = PBXFileReference; fileEncoding = 4; lastKnownFileType = sourcecode.c.h; path = PrefixHeader.pch; sourceTree = "<group>"; };
		F2B4BAD31D64593C0075CD16 /* UIColor+Hex.h */ = {isa = PBXFileReference; fileEncoding = 4; lastKnownFileType = sourcecode.c.h; path = "UIColor+Hex.h"; sourceTree = "<group>"; };
		F2B4BAD41D64593C0075CD16 /* UIColor+Hex.m */ = {isa = PBXFileReference; fileEncoding = 4; lastKnownFileType = sourcecode.c.objc; path = "UIColor+Hex.m"; sourceTree = "<group>"; };
		F2B4BAD71D6462A90075CD16 /* ThemePath.h */ = {isa = PBXFileReference; fileEncoding = 4; lastKnownFileType = sourcecode.c.h; path = ThemePath.h; sourceTree = "<group>"; };
		F2B4BAD81D6462A90075CD16 /* ThemePath.m */ = {isa = PBXFileReference; fileEncoding = 4; lastKnownFileType = sourcecode.c.objc; path = ThemePath.m; sourceTree = "<group>"; };
/* End PBXFileReference section */

/* Begin PBXFrameworksBuildPhase section */
		F2B4BA9C1D643E1F0075CD16 /* Frameworks */ = {
			isa = PBXFrameworksBuildPhase;
			buildActionMask = 2147483647;
			files = (
			);
			runOnlyForDeploymentPostprocessing = 0;
		};
/* End PBXFrameworksBuildPhase section */

/* Begin PBXGroup section */
		F2B4BA961D643E1F0075CD16 = {
			isa = PBXGroup;
			children = (
				F2B4BAA11D643E1F0075CD16 /* TestTheme */,
				F2B4BAA01D643E1F0075CD16 /* Products */,
			);
			sourceTree = "<group>";
		};
		F2B4BAA01D643E1F0075CD16 /* Products */ = {
			isa = PBXGroup;
			children = (
				F2B4BA9F1D643E1F0075CD16 /* TestTheme.app */,
			);
			name = Products;
			sourceTree = "<group>";
		};
		F2B4BAA11D643E1F0075CD16 /* TestTheme */ = {
			isa = PBXGroup;
			children = (
				F2B4BAC21D643ECA0075CD16 /* ThemeManager */,
				F2B4BAA51D643E1F0075CD16 /* AppDelegate.h */,
				F2B4BAA61D643E1F0075CD16 /* AppDelegate.m */,
				F2B4BAA81D643E1F0075CD16 /* ViewController.h */,
				F2B4BAA91D643E1F0075CD16 /* ViewController.m */,
				F2B4BAAB1D643E200075CD16 /* Main.storyboard */,
				F2B4BAAE1D643E200075CD16 /* Assets.xcassets */,
				F2B4BAB01D643E200075CD16 /* LaunchScreen.storyboard */,
				F2B4BAB31D643E200075CD16 /* Info.plist */,
				F2B4BAA21D643E1F0075CD16 /* Supporting Files */,
				F2B4BAB91D643E640075CD16 /* HJNavigationViewController.h */,
				F2B4BABA1D643E640075CD16 /* HJNavigationViewController.m */,
				F2B4BABF1D643EB50075CD16 /* ChangeThemeController.h */,
				F2B4BAC01D643EB50075CD16 /* ChangeThemeController.m */,
				F2B4BAC61D64409D0075CD16 /* HJTabViewController.h */,
				F2B4BAC71D64409D0075CD16 /* HJTabViewController.m */,
			);
			path = TestTheme;
			sourceTree = "<group>";
		};
		F2B4BAA21D643E1F0075CD16 /* Supporting Files */ = {
			isa = PBXGroup;
			children = (
				F2B4BAA31D643E1F0075CD16 /* main.m */,
				F2B4BAD21D6453420075CD16 /* PrefixHeader.pch */,
			);
			name = "Supporting Files";
			sourceTree = "<group>";
		};
		F2B4BAC21D643ECA0075CD16 /* ThemeManager */ = {
			isa = PBXGroup;
			children = (
				F2B4BAD31D64593C0075CD16 /* UIColor+Hex.h */,
				F2B4BAD41D64593C0075CD16 /* UIColor+Hex.m */,
				F2B4BACF1D6451350075CD16 /* UIImage+Color.h */,
				F2B4BAD01D6451350075CD16 /* UIImage+Color.m */,
				F2B4BAC31D643EDA0075CD16 /* ThemeManager.h */,
				F2B4BAC41D643EDA0075CD16 /* ThemeManager.m */,
				F2B4BAD71D6462A90075CD16 /* ThemePath.h */,
				F2B4BAD81D6462A90075CD16 /* ThemePath.m */,
			);
			path = ThemeManager;
			sourceTree = "<group>";
		};
/* End PBXGroup section */

/* Begin PBXNativeTarget section */
		F2B4BA9E1D643E1F0075CD16 /* TestTheme */ = {
			isa = PBXNativeTarget;
			buildConfigurationList = F2B4BAB61D643E200075CD16 /* Build configuration list for PBXNativeTarget "TestTheme" */;
			buildPhases = (
				F2B4BA9B1D643E1F0075CD16 /* Sources */,
				F2B4BA9C1D643E1F0075CD16 /* Frameworks */,
				F2B4BA9D1D643E1F0075CD16 /* Resources */,
			);
			buildRules = (
			);
			dependencies = (
			);
			name = TestTheme;
			productName = TestTheme;
			productReference = F2B4BA9F1D643E1F0075CD16 /* TestTheme.app */;
			productType = "com.apple.product-type.application";
		};
/* End PBXNativeTarget section */

/* Begin PBXProject section */
		F2B4BA971D643E1F0075CD16 /* Project object */ = {
			isa = PBXProject;
			attributes = {
				LastUpgradeCheck = 0730;
				ORGANIZATIONNAME = liuguanchen;
				TargetAttributes = {
					F2B4BA9E1D643E1F0075CD16 = {
						CreatedOnToolsVersion = 7.3.1;
					};
				};
			};
			buildConfigurationList = F2B4BA9A1D643E1F0075CD16 /* Build configuration list for PBXProject "TestTheme" */;
			compatibilityVersion = "Xcode 3.2";
			developmentRegion = English;
			hasScannedForEncodings = 0;
			knownRegions = (
				en,
				Base,
			);
			mainGroup = F2B4BA961D643E1F0075CD16;
			productRefGroup = F2B4BAA01D643E1F0075CD16 /* Products */;
			projectDirPath = "";
			projectRoot = "";
			targets = (
				F2B4BA9E1D643E1F0075CD16 /* TestTheme */,
			);
		};
/* End PBXProject section */

/* Begin PBXResourcesBuildPhase section */
		F2B4BA9D1D643E1F0075CD16 /* Resources */ = {
			isa = PBXResourcesBuildPhase;
			buildActionMask = 2147483647;
			files = (
				F2B4BAB21D643E200075CD16 /* LaunchScreen.storyboard in Resources */,
				F2B4BAAF1D643E200075CD16 /* Assets.xcassets in Resources */,
				F2B4BAAD1D643E200075CD16 /* Main.storyboard in Resources */,
			);
			runOnlyForDeploymentPostprocessing = 0;
		};
/* End PBXResourcesBuildPhase section */

/* Begin PBXSourcesBuildPhase section */
		F2B4BA9B1D643E1F0075CD16 /* Sources */ = {
			isa = PBXSourcesBuildPhase;
			buildActionMask = 2147483647;
			files = (
				F2B4BABB1D643E640075CD16 /* HJNavigationViewController.m in Sources */,
				F2B4BAC51D643EDA0075CD16 /* ThemeManager.m in Sources */,
				F2B4BAAA1D643E1F0075CD16 /* ViewController.m in Sources */,
				F2B4BAA71D643E1F0075CD16 /* AppDelegate.m in Sources */,
				F2B4BAD91D6462A90075CD16 /* ThemePath.m in Sources */,
				F2B4BAD51D64593C0075CD16 /* UIColor+Hex.m in Sources */,
				F2B4BAC81D64409D0075CD16 /* HJTabViewController.m in Sources */,
				F2B4BAD11D6451350075CD16 /* UIImage+Color.m in Sources */,
				F2B4BAC11D643EB50075CD16 /* ChangeThemeController.m in Sources */,
				F2B4BAA41D643E1F0075CD16 /* main.m in Sources */,
			);
			runOnlyForDeploymentPostprocessing = 0;
		};
/* End PBXSourcesBuildPhase section */

/* Begin PBXVariantGroup section */
		F2B4BAAB1D643E200075CD16 /* Main.storyboard */ = {
			isa = PBXVariantGroup;
			children = (
				F2B4BAAC1D643E200075CD16 /* Base */,
			);
			name = Main.storyboard;
			sourceTree = "<group>";
		};
		F2B4BAB01D643E200075CD16 /* LaunchScreen.storyboard */ = {
			isa = PBXVariantGroup;
			children = (
				F2B4BAB11D643E200075CD16 /* Base */,
			);
			name = LaunchScreen.storyboard;
			sourceTree = "<group>";
		};
/* End PBXVariantGroup section */

/* Begin XCBuildConfiguration section */
		F2B4BAB41D643E200075CD16 /* Debug */ = {
			isa = XCBuildConfiguration;
			buildSettings = {
				ALWAYS_SEARCH_USER_PATHS = NO;
				CLANG_ANALYZER_NONNULL = YES;
				CLANG_CXX_LANGUAGE_STANDARD = "gnu++0x";
				CLANG_CXX_LIBRARY = "libc++";
				CLANG_ENABLE_MODULES = YES;
				CLANG_ENABLE_OBJC_ARC = YES;
				CLANG_WARN_BOOL_CONVERSION = YES;
				CLANG_WARN_CONSTANT_CONVERSION = YES;
				CLANG_WARN_DIRECT_OBJC_ISA_USAGE = YES_ERROR;
				CLANG_WARN_EMPTY_BODY = YES;
				CLANG_WARN_ENUM_CONVERSION = YES;
				CLANG_WARN_INT_CONVERSION = YES;
				CLANG_WARN_OBJC_ROOT_CLASS = YES_ERROR;
				CLANG_WARN_UNREACHABLE_CODE = YES;
				CLANG_WARN__DUPLICATE_METHOD_MATCH = YES;
				"CODE_SIGN_IDENTITY[sdk=iphoneos*]" = "iPhone Developer";
				COPY_PHASE_STRIP = NO;
				DEBUG_INFORMATION_FORMAT = dwarf;
				ENABLE_STRICT_OBJC_MSGSEND = YES;
				ENABLE_TESTABILITY = YES;
				GCC_C_LANGUAGE_STANDARD = gnu99;
				GCC_DYNAMIC_NO_PIC = NO;
				GCC_NO_COMMON_BLOCKS = YES;
				GCC_OPTIMIZATION_LEVEL = 0;
				GCC_PREPROCESSOR_DEFINITIONS = (
					"DEBUG=1",
					"$(inherited)",
				);
				GCC_WARN_64_TO_32_BIT_CONVERSION = YES;
				GCC_WARN_ABOUT_RETURN_TYPE = YES_ERROR;
				GCC_WARN_UNDECLARED_SELECTOR = YES;
				GCC_WARN_UNINITIALIZED_AUTOS = YES_AGGRESSIVE;
				GCC_WARN_UNUSED_FUNCTION = YES;
				GCC_WARN_UNUSED_VARIABLE = YES;
				IPHONEOS_DEPLOYMENT_TARGET = 9.3;
				MTL_ENABLE_DEBUG_INFO = YES;
				ONLY_ACTIVE_ARCH = YES;
				SDKROOT = iphoneos;
			};
			name = Debug;
		};
		F2B4BAB51D643E200075CD16 /* Release */ = {
			isa = XCBuildConfiguration;
			buildSettings = {
				ALWAYS_SEARCH_USER_PATHS = NO;
				CLANG_ANALYZER_NONNULL = YES;
				CLANG_CXX_LANGUAGE_STANDARD = "gnu++0x";
				CLANG_CXX_LIBRARY = "libc++";
				CLANG_ENABLE_MODULES = YES;
				CLANG_ENABLE_OBJC_ARC = YES;
				CLANG_WARN_BOOL_CONVERSION = YES;
				CLANG_WARN_CONSTANT_CONVERSION = YES;
				CLANG_WARN_DIRECT_OBJC_ISA_USAGE = YES_ERROR;
				CLANG_WARN_EMPTY_BODY = YES;
				CLANG_WARN_ENUM_CONVERSION = YES;
				CLANG_WARN_INT_CONVERSION = YES;
				CLANG_WARN_OBJC_ROOT_CLASS = YES_ERROR;
				CLANG_WARN_UNREACHABLE_CODE = YES;
				CLANG_WARN__DUPLICATE_METHOD_MATCH = YES;
				"CODE_SIGN_IDENTITY[sdk=iphoneos*]" = "iPhone Developer";
				COPY_PHASE_STRIP = NO;
				DEBUG_INFORMATION_FORMAT = "dwarf-with-dsym";
				ENABLE_NS_ASSERTIONS = NO;
				ENABLE_STRICT_OBJC_MSGSEND = YES;
				GCC_C_LANGUAGE_STANDARD = gnu99;
				GCC_NO_COMMON_BLOCKS = YES;
				GCC_WARN_64_TO_32_BIT_CONVERSION = YES;
				GCC_WARN_ABOUT_RETURN_TYPE = YES_ERROR;
				GCC_WARN_UNDECLARED_SELECTOR = YES;
				GCC_WARN_UNINITIALIZED_AUTOS = YES_AGGRESSIVE;
				GCC_WARN_UNUSED_FUNCTION = YES;
				GCC_WARN_UNUSED_VARIABLE = YES;
				IPHONEOS_DEPLOYMENT_TARGET = 9.3;
				MTL_ENABLE_DEBUG_INFO = NO;
				SDKROOT = iphoneos;
				VALIDATE_PRODUCT = YES;
			};
			name = Release;
		};
		F2B4BAB71D643E200075CD16 /* Debug */ = {
			isa = XCBuildConfiguration;
			buildSettings = {
				ASSETCATALOG_COMPILER_APPICON_NAME = AppIcon;
				GCC_PREFIX_HEADER = TestTheme/PrefixHeader.pch;
				INFOPLIST_FILE = TestTheme/Info.plist;
				IPHONEOS_DEPLOYMENT_TARGET = 8.0;
				LD_RUNPATH_SEARCH_PATHS = "$(inherited) @executable_path/Frameworks";
				PRODUCT_BUNDLE_IDENTIFIER = com.qingjie.TestTheme;
				PRODUCT_NAME = "$(TARGET_NAME)";
			};
			name = Debug;
		};
		F2B4BAB81D643E200075CD16 /* Release */ = {
			isa = XCBuildConfiguration;
			buildSettings = {
				ASSETCATALOG_COMPILER_APPICON_NAME = AppIcon;
				GCC_PREFIX_HEADER = TestTheme/PrefixHeader.pch;
				INFOPLIST_FILE = TestTheme/Info.plist;
				IPHONEOS_DEPLOYMENT_TARGET = 8.0;
				LD_RUNPATH_SEARCH_PATHS = "$(inherited) @executable_path/Frameworks";
				PRODUCT_BUNDLE_IDENTIFIER = com.qingjie.TestTheme;
				PRODUCT_NAME = "$(TARGET_NAME)";
			};
			name = Release;
		};
/* End XCBuildConfiguration section */

/* Begin XCConfigurationList section */
		F2B4BA9A1D643E1F0075CD16 /* Build configuration list for PBXProject "TestTheme" */ = {
			isa = XCConfigurationList;
			buildConfigurations = (
				F2B4BAB41D643E200075CD16 /* Debug */,
				F2B4BAB51D643E200075CD16 /* Release */,
			);
			defaultConfigurationIsVisible = 0;
			defaultConfigurationName = Release;
		};
		F2B4BAB61D643E200075CD16 /* Build configuration list for PBXNativeTarget "TestTheme" */ = {
			isa = XCConfigurationList;
			buildConfigurations = (
				F2B4BAB71D643E200075CD16 /* Debug */,
				F2B4BAB81D643E200075CD16 /* Release */,
			);
			defaultConfigurationIsVisible = 0;
		};
/* End XCConfigurationList section */
	};
	rootObject = F2B4BA971D643E1F0075CD16 /* Project object */;
}
